
Microsoft Visual Studio Solution File, Format Version 12.00
# Visual Studio Version 16
VisualStudioVersion = 16.0.28917.181
MinimumVisualStudioVersion = 10.0.40219.1
Project("{FAE04EC0-301F-11D3-BF4B-00C04F79EFBC}") = "CSVFileOperation", "CSVFileOpe\CSVFileOperation.csproj", "{0F843696-4397-4D73-8C2D-2F3151D76F99}"
EndProject
Project("{FAE04EC0-301F-11D3-BF4B-00C04F79EFBC}") = "ZHISIGHT", "ZHISIGHT\ZHISIGHT.csproj", "{B7937B10-5CAF-4D72-BDDA-D2D2FD0E14BB}"
EndProject
Project("{9A19103F-16F7-4668-BE54-9A1E7A4F7556}") = "Driver", "Driver\Driver.csproj", "{D4C3D3B4-D975-4D3B-800D-08A89921F71B}"
EndProject
Project("{9A19103F-16F7-4668-BE54-9A1E7A4F7556}") = "Signal", "Signal\Signal.csproj", "{FF51216F-BC50-405C-8B1B-A03C9BADD30D}"
EndProject
Project("{FAE04EC0-301F-11D3-BF4B-00C04F79EFBC}") = "ConsoleApp2", "ConsoleApp2\ConsoleApp2.csproj", "{4DA52287-DDCA-4732-A64D-3B99FFE033AE}"
EndProject
Project("{FAE04EC0-301F-11D3-BF4B-00C04F79EFBC}") = "ZLGCANDriver", "ZLGCANDriver\ZLGCANDriver.csproj", "{9FD2411F-75FA-40F8-A047-C693EF2C9407}"
EndProject
Global
	GlobalSection(SolutionConfigurationPlatforms) = preSolution
		Debug|Any CPU = Debug|Any CPU
		Debug|x86 = Debug|x86
		Release|Any CPU = Release|Any CPU
		Release|x86 = Release|x86
	EndGlobalSection
	GlobalSection(ProjectConfigurationPlatforms) = postSolution
		{0F843696-4397-4D73-8C2D-2F3151D76F99}.Debug|Any CPU.ActiveCfg = Debug|Any CPU
		{0F843696-4397-4D73-8C2D-2F3151D76F99}.Debug|Any CPU.Build.0 = Debug|Any CPU
		{0F843696-4397-4D73-8C2D-2F3151D76F99}.Debug|x86.ActiveCfg = Debug|x86
		{0F843696-4397-4D73-8C2D-2F3151D76F99}.Debug|x86.Build.0 = Debug|x86
		{0F843696-4397-4D73-8C2D-2F3151D76F99}.Release|Any CPU.ActiveCfg = Release|Any CPU
		{0F843696-4397-4D73-8C2D-2F3151D76F99}.Release|Any CPU.Build.0 = Release|Any CPU
		{0F843696-4397-4D73-8C2D-2F3151D76F99}.Release|x86.ActiveCfg = Release|Any CPU
		{0F843696-4397-4D73-8C2D-2F3151D76F99}.Release|x86.Build.0 = Release|Any CPU
		{B7937B10-5CAF-4D72-BDDA-D2D2FD0E14BB}.Debug|Any CPU.ActiveCfg = Debug|Any CPU
		{B7937B10-5CAF-4D72-BDDA-D2D2FD0E14BB}.Debug|Any CPU.Build.0 = Debug|Any CPU
		{B7937B10-5CAF-4D72-BDDA-D2D2FD0E14BB}.Debug|x86.ActiveCfg = Debug|x86
		{B7937B10-5CAF-4D72-BDDA-D2D2FD0E14BB}.Debug|x86.Build.0 = Debug|x86
		{B7937B10-5CAF-4D72-BDDA-D2D2FD0E14BB}.Release|Any CPU.ActiveCfg = Release|Any CPU
		{B7937B10-5CAF-4D72-BDDA-D2D2FD0E14BB}.Release|Any CPU.Build.0 = Release|Any CPU
		{B7937B10-5CAF-4D72-BDDA-D2D2FD0E14BB}.Release|x86.ActiveCfg = Release|Any CPU
		{B7937B10-5CAF-4D72-BDDA-D2D2FD0E14BB}.Release|x86.Build.0 = Release|Any CPU
		{D4C3D3B4-D975-4D3B-800D-08A89921F71B}.Debug|Any CPU.ActiveCfg = Debug|Any CPU
		{D4C3D3B4-D975-4D3B-800D-08A89921F71B}.Debug|Any CPU.Build.0 = Debug|Any CPU
		{D4C3D3B4-D975-4D3B-800D-08A89921F71B}.Debug|x86.ActiveCfg = Debug|Any CPU
		{D4C3D3B4-D975-4D3B-800D-08A89921F71B}.Debug|x86.Build.0 = Debug|Any CPU
		{D4C3D3B4-D975-4D3B-800D-08A89921F71B}.Release|Any CPU.ActiveCfg = Release|Any CPU
		{D4C3D3B4-D975-4D3B-800D-08A89921F71B}.Release|Any CPU.Build.0 = Release|Any CPU
		{D4C3D3B4-D975-4D3B-800D-08A89921F71B}.Release|x86.ActiveCfg = Release|Any CPU
		{D4C3D3B4-D975-4D3B-800D-08A89921F71B}.Release|x86.Build.0 = Release|Any CPU
		{FF51216F-BC50-405C-8B1B-A03C9BADD30D}.Debug|Any CPU.ActiveCfg = Debug|Any CPU
		{FF51216F-BC50-405C-8B1B-A03C9BADD30D}.Debug|Any CPU.Build.0 = Debug|Any CPU
		{FF51216F-BC50-405C-8B1B-A03C9BADD30D}.Debug|x86.ActiveCfg = Debug|Any CPU
		{FF51216F-BC50-405C-8B1B-A03C9BADD30D}.Debug|x86.Build.0 = Debug|Any CPU
		{FF51216F-BC50-405C-8B1B-A03C9BADD30D}.Release|Any CPU.ActiveCfg = Release|Any CPU
		{FF51216F-BC50-405C-8B1B-A03C9BADD30D}.Release|Any CPU.Build.0 = Release|Any CPU
		{FF51216F-BC50-405C-8B1B-A03C9BADD30D}.Release|x86.ActiveCfg = Release|Any CPU
		{FF51216F-BC50-405C-8B1B-A03C9BADD30D}.Release|x86.Build.0 = Release|Any CPU
		{4DA52287-DDCA-4732-A64D-3B99FFE033AE}.Debug|Any CPU.ActiveCfg = Debug|Any CPU
		{4DA52287-DDCA-4732-A64D-3B99FFE033AE}.Debug|Any CPU.Build.0 = Debug|Any CPU
		{4DA52287-DDCA-4732-A64D-3B99FFE033AE}.Debug|x86.ActiveCfg = Debug|Any CPU
		{4DA52287-DDCA-4732-A64D-3B99FFE033AE}.Debug|x86.Build.0 = Debug|Any CPU
		{4DA52287-DDCA-4732-A64D-3B99FFE033AE}.Release|Any CPU.ActiveCfg = Release|Any CPU
		{4DA52287-DDCA-4732-A64D-3B99FFE033AE}.Release|Any CPU.Build.0 = Release|Any CPU
		{4DA52287-DDCA-4732-A64D-3B99FFE033AE}.Release|x86.ActiveCfg = Release|Any CPU
		{4DA52287-DDCA-4732-A64D-3B99FFE033AE}.Release|x86.Build.0 = Release|Any CPU
		{9FD2411F-75FA-40F8-A047-C693EF2C9407}.Debug|Any CPU.ActiveCfg = Debug|Any CPU
		{9FD2411F-75FA-40F8-A047-C693EF2C9407}.Debug|Any CPU.Build.0 = Debug|Any CPU
		{9FD2411F-75FA-40F8-A047-C693EF2C9407}.Debug|x86.ActiveCfg = Debug|Any CPU
		{9FD2411F-75FA-40F8-A047-C693EF2C9407}.Debug|x86.Build.0 = Debug|Any CPU
		{9FD2411F-75FA-40F8-A047-C693EF2C9407}.Release|Any CPU.ActiveCfg = Release|Any CPU
		{9FD2411F-75FA-40F8-A047-C693EF2C9407}.Release|Any CPU.Build.0 = Release|Any CPU
		{9FD2411F-75FA-40F8-A047-C693EF2C9407}.Release|x86.ActiveCfg = Release|Any CPU
		{9FD2411F-75FA-40F8-A047-C693EF2C9407}.Release|x86.Build.0 = Release|Any CPU
	EndGlobalSection
	GlobalSection(SolutionProperties) = preSolution
		HideSolutionNode = FALSE
	EndGlobalSection
	GlobalSection(ExtensibilityGlobals) = postSolution
		SolutionGuid = {B0358912-DA07-4B19-A6C9-2CCD21EF8574}
	EndGlobalSection
EndGlobal
